
Microsoft Visual Studio Solution File, Format Version 12.00
# Visual Studio 14
VisualStudioVersion = 14.0.25123.0
MinimumVisualStudioVersion = 10.0.40219.1
Project("{FAE04EC0-301F-11D3-BF4B-00C04F79EFBC}") = "Day3", "Day3\Day3.csproj", "{4AB0DE96-848C-4585-A4D0-C0A2E4885727}"
EndProject
Project("{FAE04EC0-301F-11D3-BF4B-00C04F79EFBC}") = "Day4", "Day4\Day4.csproj", "{77DFA4DF-49C9-411E-8B55-ECB99658A16C}"
EndProject
Project("{FAE04EC0-301F-11D3-BF4B-00C04F79EFBC}") = "Day5", "Day5\Day5.csproj", "{C2055FB7-344B-4F04-9AD8-D74F07AE39E2}"
EndProject
Project("{FAE04EC0-301F-11D3-BF4B-00C04F79EFBC}") = "Day6", "Day6\Day6.csproj", "{69D4D625-590C-47FB-8911-E738DAB8B915}"
EndProject
Project("{FAE04EC0-301F-11D3-BF4B-00C04F79EFBC}") = "Day7", "Day7\Day7.csproj", "{FACCF211-2421-4AE5-B01B-724C5BDFCC5E}"
EndProject
Project("{FAE04EC0-301F-11D3-BF4B-00C04F79EFBC}") = "Day8", "Day8\Day8.csproj", "{3948AE76-BC97-467E-87FC-15B17D8691E4}"
EndProject
Project("{FAE04EC0-301F-11D3-BF4B-00C04F79EFBC}") = "Day9", "Day9\Day9.csproj", "{57DFA325-2769-473F-8FA1-FEB54E0B6A3B}"
EndProject
Project("{FAE04EC0-301F-11D3-BF4B-00C04F79EFBC}") = "Day12", "Day11\Day12.csproj", "{6DB1865B-612B-4609-A7D2-CF48D01FE561}"
EndProject
Project("{FAE04EC0-301F-11D3-BF4B-00C04F79EFBC}") = "Day14", "Day14\Day14.csproj", "{9FA169F3-6385-446C-8D8C-B302C7E7F485}"
EndProject
Project("{FAE04EC0-301F-11D3-BF4B-00C04F79EFBC}") = "Day16", "Day16\Day16.csproj", "{B8FAB6DE-2293-48D1-8013-449D9073C928}"
EndProject
Global
	GlobalSection(SolutionConfigurationPlatforms) = preSolution
		Debug|Any CPU = Debug|Any CPU
		Release|Any CPU = Release|Any CPU
	EndGlobalSection
	GlobalSection(ProjectConfigurationPlatforms) = postSolution
		{4AB0DE96-848C-4585-A4D0-C0A2E4885727}.Debug|Any CPU.ActiveCfg = Debug|Any CPU
		{4AB0DE96-848C-4585-A4D0-C0A2E4885727}.Debug|Any CPU.Build.0 = Debug|Any CPU
		{4AB0DE96-848C-4585-A4D0-C0A2E4885727}.Release|Any CPU.ActiveCfg = Release|Any CPU
		{4AB0DE96-848C-4585-A4D0-C0A2E4885727}.Release|Any CPU.Build.0 = Release|Any CPU
		{77DFA4DF-49C9-411E-8B55-ECB99658A16C}.Debug|Any CPU.ActiveCfg = Debug|Any CPU
		{77DFA4DF-49C9-411E-8B55-ECB99658A16C}.Debug|Any CPU.Build.0 = Debug|Any CPU
		{77DFA4DF-49C9-411E-8B55-ECB99658A16C}.Release|Any CPU.ActiveCfg = Release|Any CPU
		{77DFA4DF-49C9-411E-8B55-ECB99658A16C}.Release|Any CPU.Build.0 = Release|Any CPU
		{C2055FB7-344B-4F04-9AD8-D74F07AE39E2}.Debug|Any CPU.ActiveCfg = Debug|Any CPU
		{C2055FB7-344B-4F04-9AD8-D74F07AE39E2}.Debug|Any CPU.Build.0 = Debug|Any CPU
		{C2055FB7-344B-4F04-9AD8-D74F07AE39E2}.Release|Any CPU.ActiveCfg = Release|Any CPU
		{C2055FB7-344B-4F04-9AD8-D74F07AE39E2}.Release|Any CPU.Build.0 = Release|Any CPU
		{69D4D625-590C-47FB-8911-E738DAB8B915}.Debug|Any CPU.ActiveCfg = Debug|Any CPU
		{69D4D625-590C-47FB-8911-E738DAB8B915}.Debug|Any CPU.Build.0 = Debug|Any CPU
		{69D4D625-590C-47FB-8911-E738DAB8B915}.Release|Any CPU.ActiveCfg = Release|Any CPU
		{69D4D625-590C-47FB-8911-E738DAB8B915}.Release|Any CPU.Build.0 = Release|Any CPU
		{FACCF211-2421-4AE5-B01B-724C5BDFCC5E}.Debug|Any CPU.ActiveCfg = Debug|Any CPU
		{FACCF211-2421-4AE5-B01B-724C5BDFCC5E}.Debug|Any CPU.Build.0 = Debug|Any CPU
		{FACCF211-2421-4AE5-B01B-724C5BDFCC5E}.Release|Any CPU.ActiveCfg = Release|Any CPU
		{FACCF211-2421-4AE5-B01B-724C5BDFCC5E}.Release|Any CPU.Build.0 = Release|Any CPU
		{3948AE76-BC97-467E-87FC-15B17D8691E4}.Debug|Any CPU.ActiveCfg = Debug|Any CPU
		{3948AE76-BC97-467E-87FC-15B17D8691E4}.Debug|Any CPU.Build.0 = Debug|Any CPU
		{3948AE76-BC97-467E-87FC-15B17D8691E4}.Release|Any CPU.ActiveCfg = Release|Any CPU
		{3948AE76-BC97-467E-87FC-15B17D8691E4}.Release|Any CPU.Build.0 = Release|Any CPU
		{57DFA325-2769-473F-8FA1-FEB54E0B6A3B}.Debug|Any CPU.ActiveCfg = Debug|Any CPU
		{57DFA325-2769-473F-8FA1-FEB54E0B6A3B}.Debug|Any CPU.Build.0 = Debug|Any CPU
		{57DFA325-2769-473F-8FA1-FEB54E0B6A3B}.Release|Any CPU.ActiveCfg = Release|Any CPU
		{57DFA325-2769-473F-8FA1-FEB54E0B6A3B}.Release|Any CPU.Build.0 = Release|Any CPU
		{6DB1865B-612B-4609-A7D2-CF48D01FE561}.Debug|Any CPU.ActiveCfg = Debug|Any CPU
		{6DB1865B-612B-4609-A7D2-CF48D01FE561}.Debug|Any CPU.Build.0 = Debug|Any CPU
		{6DB1865B-612B-4609-A7D2-CF48D01FE561}.Release|Any CPU.ActiveCfg = Release|Any CPU
		{6DB1865B-612B-4609-A7D2-CF48D01FE561}.Release|Any CPU.Build.0 = Release|Any CPU
		{9FA169F3-6385-446C-8D8C-B302C7E7F485}.Debug|Any CPU.ActiveCfg = Debug|Any CPU
		{9FA169F3-6385-446C-8D8C-B302C7E7F485}.Debug|Any CPU.Build.0 = Debug|Any CPU
		{9FA169F3-6385-446C-8D8C-B302C7E7F485}.Release|Any CPU.ActiveCfg = Release|Any CPU
		{9FA169F3-6385-446C-8D8C-B302C7E7F485}.Release|Any CPU.Build.0 = Release|Any CPU
		{B8FAB6DE-2293-48D1-8013-449D9073C928}.Debug|Any CPU.ActiveCfg = Debug|Any CPU
		{B8FAB6DE-2293-48D1-8013-449D9073C928}.Debug|Any CPU.Build.0 = Debug|Any CPU
		{B8FAB6DE-2293-48D1-8013-449D9073C928}.Release|Any CPU.ActiveCfg = Release|Any CPU
		{B8FAB6DE-2293-48D1-8013-449D9073C928}.Release|Any CPU.Build.0 = Release|Any CPU
	EndGlobalSection
	GlobalSection(SolutionProperties) = preSolution
		HideSolutionNode = FALSE
	EndGlobalSection
EndGlobal
